
Microsoft Visual Studio Solution File, Format Version 12.00
# Visual Studio Version 17
VisualStudioVersion = 17.8.34330.188
MinimumVisualStudioVersion = 10.0.40219.1
Project("{FAE04EC0-301F-11D3-BF4B-00C04F79EFBC}") = "UrlShortener", "UrlShortener.csproj", "{AE9E597F-F912-4A6E-BE78-07705144DDAE}"
EndProject
Global
	GlobalSection(SolutionConfigurationPlatforms) = preSolution
		Debug|Any CPU = Debug|Any CPU
		Release|Any CPU = Release|Any CPU
	EndGlobalSection
	GlobalSection(ProjectConfigurationPlatforms) = postSolution
		{AE9E597F-F912-4A6E-BE78-07705144DDAE}.Debug|Any CPU.ActiveCfg = Debug|Any CPU
		{AE9E597F-F912-4A6E-BE78-07705144DDAE}.Debug|Any CPU.Build.0 = Debug|Any CPU
		{AE9E597F-F912-4A6E-BE78-07705144DDAE}.Release|Any CPU.ActiveCfg = Release|Any CPU
		{AE9E597F-F912-4A6E-BE78-07705144DDAE}.Release|Any CPU.Build.0 = Release|Any CPU
	EndGlobalSection
	GlobalSection(SolutionProperties) = preSolution
		HideSolutionNode = FALSE
	EndGlobalSection
	GlobalSection(ExtensibilityGlobals) = postSolution
		SolutionGuid = {F375AD02-86B3-4701-95F8-E6DDF174198A}
	EndGlobalSection
EndGlobal
